{
  "name": "ableton-to-keyboard",
  "version": "1.0.0",
  "lockfileVersion": 2,
  "requires": true,
  "packages": {
    "": {
      "name": "ableton-to-keyboard",
      "version": "1.0.0",
      "license": "MIT",
      "dependencies": {
        "push-wrapper": "^2.3.1"
      }
    },
    "node_modules/push-wrapper": {
      "version": "2.3.1",
      "resolved": "https://registry.npmjs.org/push-wrapper/-/push-wrapper-2.3.1.tgz",
      "integrity": "sha512-8q1w24eP04S7TdIalCleNSB6EbfVX4bYpNZilJhXFUfNRjk7Zq+vuUwOI9bO0Kp1TbjCYpRQHBTD4EfsBxl/FQ=="
    }
  },
  "dependencies": {
    "push-wrapper": {
      "version": "2.3.1",
      "resolved": "https://registry.npmjs.org/push-wrapper/-/push-wrapper-2.3.1.tgz",
      "integrity": "sha512-8q1w24eP04S7TdIalCleNSB6EbfVX4bYpNZilJhXFUfNRjk7Zq+vuUwOI9bO0Kp1TbjCYpRQHBTD4EfsBxl/FQ=="
    }
  }
}
